
Microsoft Visual Studio Solution File, Format Version 12.00
# Visual Studio Version 17
VisualStudioVersion = 17.2.32630.192
MinimumVisualStudioVersion = 10.0.40219.1
Project("{FAE04EC0-301F-11D3-BF4B-00C04F79EFBC}") = "projetCRMStagiaire", "projetCRMStagiaire\projetCRMStagiaire.csproj", "{CAE219C0-E734-4C2B-B9C3-7427A7989523}"
EndProject
Global
	GlobalSection(SolutionConfigurationPlatforms) = preSolution
		Debug|Any CPU = Debug|Any CPU
		Release|Any CPU = Release|Any CPU
	EndGlobalSection
	GlobalSection(ProjectConfigurationPlatforms) = postSolution
		{CAE219C0-E734-4C2B-B9C3-7427A7989523}.Debug|Any CPU.ActiveCfg = Debug|Any CPU
		{CAE219C0-E734-4C2B-B9C3-7427A7989523}.Debug|Any CPU.Build.0 = Debug|Any CPU
		{CAE219C0-E734-4C2B-B9C3-7427A7989523}.Release|Any CPU.ActiveCfg = Release|Any CPU
		{CAE219C0-E734-4C2B-B9C3-7427A7989523}.Release|Any CPU.Build.0 = Release|Any CPU
	EndGlobalSection
	GlobalSection(SolutionProperties) = preSolution
		HideSolutionNode = FALSE
	EndGlobalSection
	GlobalSection(ExtensibilityGlobals) = postSolution
		SolutionGuid = {E149E813-B188-4DBC-9433-50137F456A38}
	EndGlobalSection
EndGlobal
