
Microsoft Visual Studio Solution File, Format Version 12.00
# Visual Studio Version 17
VisualStudioVersion = 17.2.32630.192
MinimumVisualStudioVersion = 10.0.40219.1
Project("{FAE04EC0-301F-11D3-BF4B-00C04F79EFBC}") = "projetCRMStagiaire", "projetCRMStagiaire\projetCRMStagiaire.csproj", "{0EA6D1CB-49CF-456F-9ADA-9058E3D67F24}"
EndProject
Project("{FAE04EC0-301F-11D3-BF4B-00C04F79EFBC}") = "ProjetCRMStagiaire.Core", "ProjetCRMStagiaire.Core\ProjetCRMStagiaire.Core.csproj", "{A14BC22F-E87C-4EF9-AAEC-A026138F0247}"
EndProject
Global
	GlobalSection(SolutionConfigurationPlatforms) = preSolution
		Debug|Any CPU = Debug|Any CPU
		Release|Any CPU = Release|Any CPU
	EndGlobalSection
	GlobalSection(ProjectConfigurationPlatforms) = postSolution
		{0EA6D1CB-49CF-456F-9ADA-9058E3D67F24}.Debug|Any CPU.ActiveCfg = Debug|Any CPU
		{0EA6D1CB-49CF-456F-9ADA-9058E3D67F24}.Debug|Any CPU.Build.0 = Debug|Any CPU
		{0EA6D1CB-49CF-456F-9ADA-9058E3D67F24}.Release|Any CPU.ActiveCfg = Release|Any CPU
		{0EA6D1CB-49CF-456F-9ADA-9058E3D67F24}.Release|Any CPU.Build.0 = Release|Any CPU
		{A14BC22F-E87C-4EF9-AAEC-A026138F0247}.Debug|Any CPU.ActiveCfg = Debug|Any CPU
		{A14BC22F-E87C-4EF9-AAEC-A026138F0247}.Debug|Any CPU.Build.0 = Debug|Any CPU
		{A14BC22F-E87C-4EF9-AAEC-A026138F0247}.Release|Any CPU.ActiveCfg = Release|Any CPU
		{A14BC22F-E87C-4EF9-AAEC-A026138F0247}.Release|Any CPU.Build.0 = Release|Any CPU
	EndGlobalSection
	GlobalSection(SolutionProperties) = preSolution
		HideSolutionNode = FALSE
	EndGlobalSection
	GlobalSection(ExtensibilityGlobals) = postSolution
		SolutionGuid = {E149E813-B188-4DBC-9433-50137F456A38}
	EndGlobalSection
EndGlobal
